// !$*UTF8*$!
{
	archiveVersion = 1;
	classes = {
	};
	objectVersion = 56;
	objects = {

/* Begin PBXBuildFile section */
		A1B2C3D4E5F60001000001 /* IceBloxApp.swift in Sources */ = {isa = PBXBuildFile; fileRef = A1B2C3D4E5F60002000001 /* IceBloxApp.swift */; };
		A1B2C3D4E5F60001000002 /* ContentView.swift in Sources */ = {isa = PBXBuildFile; fileRef = A1B2C3D4E5F60002000002 /* ContentView.swift */; };
		A1B2C3D4E5F60001000003 /* Assets.xcassets in Resources */ = {isa = PBXBuildFile; fileRef = A1B2C3D4E5F60002000003 /* Assets.xcassets */; };
		A1B2C3D4E5F60001000004 /* IceBloxAppTests.swift in Sources */ = {isa = PBXBuildFile; fileRef = A1B2C3D4E5F60002000004 /* IceBloxAppTests.swift */; };
		A1B2C3D4E5F60001000010 /* CameraManager.swift in Sources */ = {isa = PBXBuildFile; fileRef = A1B2C3D4E5F60002000010 /* CameraManager.swift */; };
		A1B2C3D4E5F60001000011 /* CameraPreviewView.swift in Sources */ = {isa = PBXBuildFile; fileRef = A1B2C3D4E5F60002000011 /* CameraPreviewView.swift */; };
		A1B2C3D4E5F60001000012 /* StatusBarView.swift in Sources */ = {isa = PBXBuildFile; fileRef = A1B2C3D4E5F60002000012 /* StatusBarView.swift */; };
		A1B2C3D4E5F60001000020 /* AppConfig.swift in Sources */ = {isa = PBXBuildFile; fileRef = A1B2C3D4E5F60002000020 /* AppConfig.swift */; };
		A1B2C3D4E5F60001000021 /* PlateNormalizer.swift in Sources */ = {isa = PBXBuildFile; fileRef = A1B2C3D4E5F60002000021 /* PlateNormalizer.swift */; };
		A1B2C3D4E5F60001000022 /* PlateHasher.swift in Sources */ = {isa = PBXBuildFile; fileRef = A1B2C3D4E5F60002000022 /* PlateHasher.swift */; };
		A1B2C3D4E5F60001000023 /* DeduplicationCache.swift in Sources */ = {isa = PBXBuildFile; fileRef = A1B2C3D4E5F60002000023 /* DeduplicationCache.swift */; };
		A1B2C3D4E5F60001000024 /* PlateDetector.swift in Sources */ = {isa = PBXBuildFile; fileRef = A1B2C3D4E5F60002000024 /* PlateDetector.swift */; };
		A1B2C3D4E5F60001000025 /* PlateOCR.swift in Sources */ = {isa = PBXBuildFile; fileRef = A1B2C3D4E5F60002000025 /* PlateOCR.swift */; };
		A1B2C3D4E5F60001000026 /* OfflineQueue.swift in Sources */ = {isa = PBXBuildFile; fileRef = A1B2C3D4E5F60002000026 /* OfflineQueue.swift */; };
		A1B2C3D4E5F60001000027 /* OfflineQueueEntry.swift in Sources */ = {isa = PBXBuildFile; fileRef = A1B2C3D4E5F60002000027 /* OfflineQueueEntry.swift */; };
		A1B2C3D4E5F60001000028 /* LocationManager.swift in Sources */ = {isa = PBXBuildFile; fileRef = A1B2C3D4E5F60002000028 /* LocationManager.swift */; };
		A1B2C3D4E5F60001000029 /* APIClient.swift in Sources */ = {isa = PBXBuildFile; fileRef = A1B2C3D4E5F60002000029 /* APIClient.swift */; };
		A1B2C3D4E5F60001000030 /* RetryManager.swift in Sources */ = {isa = PBXBuildFile; fileRef = A1B2C3D4E5F60002000030 /* RetryManager.swift */; };
		A1B2C3D4E5F60001000031 /* ConnectivityMonitor.swift in Sources */ = {isa = PBXBuildFile; fileRef = A1B2C3D4E5F60002000031 /* ConnectivityMonitor.swift */; };
		A1B2C3D4E5F60001000032 /* FrameProcessor.swift in Sources */ = {isa = PBXBuildFile; fileRef = A1B2C3D4E5F60002000032 /* FrameProcessor.swift */; };
		A1B2C3D4E5F60001000033 /* DebugOverlayView.swift in Sources */ = {isa = PBXBuildFile; fileRef = A1B2C3D4E5F60002000033 /* DebugOverlayView.swift */; };
		A1B2C3D4E5F60001000034 /* PrivacyInfo.xcprivacy in Resources */ = {isa = PBXBuildFile; fileRef = A1B2C3D4E5F60002000034 /* PrivacyInfo.xcprivacy */; };
		A1B2C3D4E5F60001000035 /* plate_detector.mlpackage in Sources */ = {isa = PBXBuildFile; fileRef = A1B2C3D4E5F60002000035 /* plate_detector.mlpackage */; };
		A1B2C3D4E5F60001000043 /* plate_ocr.onnx in Resources */ = {isa = PBXBuildFile; fileRef = A1B2C3D4E5F60002000043 /* plate_ocr.onnx */; };
		A1B2C3D4E5F60001000044 /* onnxruntime in Frameworks */ = {isa = PBXBuildFile; productRef = A1B2C3D4E5F6000D000002 /* onnxruntime */; };
		A1B2C3D4E5F60001000036 /* DebugLog.swift in Sources */ = {isa = PBXBuildFile; fileRef = A1B2C3D4E5F60002000036 /* DebugLog.swift */; };
		A1B2C3D4E5F60001000037 /* DebugLogPanel.swift in Sources */ = {isa = PBXBuildFile; fileRef = A1B2C3D4E5F60002000037 /* DebugLogPanel.swift */; };
		A1B2C3D4E5F60001000038 /* SplashScreenView.swift in Sources */ = {isa = PBXBuildFile; fileRef = A1B2C3D4E5F60002000038 /* SplashScreenView.swift */; };
		A1B2C3D4E5F60001000039 /* SimulatorCamera.swift in Sources */ = {isa = PBXBuildFile; fileRef = A1B2C3D4E5F60002000039 /* SimulatorCamera.swift */; };
		A1B2C3D4E5F60001000040 /* AlertClient.swift in Sources */ = {isa = PBXBuildFile; fileRef = A1B2C3D4E5F60002000040 /* AlertClient.swift */; };
		A1B2C3D4E5F60001000041 /* AlertClientTests.swift in Sources */ = {isa = PBXBuildFile; fileRef = A1B2C3D4E5F60002000041 /* AlertClientTests.swift */; };
		A1B2C3D4E5F60001000042 /* PushNotificationTests.swift in Sources */ = {isa = PBXBuildFile; fileRef = A1B2C3D4E5F60002000042 /* PushNotificationTests.swift */; };
		A1B2C3D4E5F60001000045 /* Pepper.swift in Sources */ = {isa = PBXBuildFile; fileRef = A1B2C3D4E5F60002000045 /* Pepper.swift */; };
		A1B2C3D4E5F60001000050 /* LookalikeExpander.swift in Sources */ = {isa = PBXBuildFile; fileRef = A1B2C3D4E5F60002000050 /* LookalikeExpander.swift */; };
		A1B2C3D4E5F60001000051 /* LookalikeExpanderTests.swift in Sources */ = {isa = PBXBuildFile; fileRef = A1B2C3D4E5F60002000051 /* LookalikeExpanderTests.swift */; };
		A1B2C3D4E5F60001000060 /* ZoomController.swift in Sources */ = {isa = PBXBuildFile; fileRef = A1B2C3D4E5F60002000060 /* ZoomController.swift */; };
		A1B2C3D4E5F60001000061 /* PreviewFreezer.swift in Sources */ = {isa = PBXBuildFile; fileRef = A1B2C3D4E5F60002000061 /* PreviewFreezer.swift */; };
		A1B2C3D4E5F60001000062 /* ZoomControllerTests.swift in Sources */ = {isa = PBXBuildFile; fileRef = A1B2C3D4E5F60002000062 /* ZoomControllerTests.swift */; };
/* End PBXBuildFile section */

/* Begin PBXContainerItemProxy section */
		A1B2C3D4E5F60003000001 /* PBXContainerItemProxy */ = {
			isa = PBXContainerItemProxy;
			containerPortal = A1B2C3D4E5F60004000001 /* Project object */;
			proxyType = 1;
			remoteGlobalIDString = A1B2C3D4E5F60005000001;
			remoteInfo = IceBloxApp;
		};
/* End PBXContainerItemProxy section */

/* Begin PBXFileReference section */
		A1B2C3D4E5F60002000001 /* IceBloxApp.swift */ = {isa = PBXFileReference; lastKnownFileType = sourcecode.swift; path = IceBloxApp.swift; sourceTree = "<group>"; };
		A1B2C3D4E5F60002000002 /* ContentView.swift */ = {isa = PBXFileReference; lastKnownFileType = sourcecode.swift; path = ContentView.swift; sourceTree = "<group>"; };
		A1B2C3D4E5F60002000003 /* Assets.xcassets */ = {isa = PBXFileReference; lastKnownFileType = folder.assetcatalog; path = Assets.xcassets; sourceTree = "<group>"; };
		A1B2C3D4E5F60002000004 /* IceBloxAppTests.swift */ = {isa = PBXFileReference; lastKnownFileType = sourcecode.swift; path = IceBloxAppTests.swift; sourceTree = "<group>"; };
		A1B2C3D4E5F60006000001 /* IceBloxApp.app */ = {isa = PBXFileReference; explicitFileType = wrapper.application; includeInIndex = 0; path = IceBloxApp.app; sourceTree = BUILT_PRODUCTS_DIR; };
		A1B2C3D4E5F60006000002 /* IceBloxAppTests.xctest */ = {isa = PBXFileReference; explicitFileType = wrapper.cfbundle; includeInIndex = 0; path = IceBloxAppTests.xctest; sourceTree = BUILT_PRODUCTS_DIR; };
		A1B2C3D4E5F60002000010 /* CameraManager.swift */ = {isa = PBXFileReference; lastKnownFileType = sourcecode.swift; path = CameraManager.swift; sourceTree = "<group>"; };
		A1B2C3D4E5F60002000011 /* CameraPreviewView.swift */ = {isa = PBXFileReference; lastKnownFileType = sourcecode.swift; path = CameraPreviewView.swift; sourceTree = "<group>"; };
		A1B2C3D4E5F60002000012 /* StatusBarView.swift */ = {isa = PBXFileReference; lastKnownFileType = sourcecode.swift; path = StatusBarView.swift; sourceTree = "<group>"; };
		A1B2C3D4E5F60002000020 /* AppConfig.swift */ = {isa = PBXFileReference; lastKnownFileType = sourcecode.swift; path = AppConfig.swift; sourceTree = "<group>"; };
		A1B2C3D4E5F60002000021 /* PlateNormalizer.swift */ = {isa = PBXFileReference; lastKnownFileType = sourcecode.swift; path = PlateNormalizer.swift; sourceTree = "<group>"; };
		A1B2C3D4E5F60002000022 /* PlateHasher.swift */ = {isa = PBXFileReference; lastKnownFileType = sourcecode.swift; path = PlateHasher.swift; sourceTree = "<group>"; };
		A1B2C3D4E5F60002000023 /* DeduplicationCache.swift */ = {isa = PBXFileReference; lastKnownFileType = sourcecode.swift; path = DeduplicationCache.swift; sourceTree = "<group>"; };
		A1B2C3D4E5F60002000024 /* PlateDetector.swift */ = {isa = PBXFileReference; lastKnownFileType = sourcecode.swift; path = PlateDetector.swift; sourceTree = "<group>"; };
		A1B2C3D4E5F60002000025 /* PlateOCR.swift */ = {isa = PBXFileReference; lastKnownFileType = sourcecode.swift; path = PlateOCR.swift; sourceTree = "<group>"; };
		A1B2C3D4E5F60002000026 /* OfflineQueue.swift */ = {isa = PBXFileReference; lastKnownFileType = sourcecode.swift; path = OfflineQueue.swift; sourceTree = "<group>"; };
		A1B2C3D4E5F60002000027 /* OfflineQueueEntry.swift */ = {isa = PBXFileReference; lastKnownFileType = sourcecode.swift; path = OfflineQueueEntry.swift; sourceTree = "<group>"; };
		A1B2C3D4E5F60002000028 /* LocationManager.swift */ = {isa = PBXFileReference; lastKnownFileType = sourcecode.swift; path = LocationManager.swift; sourceTree = "<group>"; };
		A1B2C3D4E5F60002000029 /* APIClient.swift */ = {isa = PBXFileReference; lastKnownFileType = sourcecode.swift; path = APIClient.swift; sourceTree = "<group>"; };
		A1B2C3D4E5F60002000030 /* RetryManager.swift */ = {isa = PBXFileReference; lastKnownFileType = sourcecode.swift; path = RetryManager.swift; sourceTree = "<group>"; };
		A1B2C3D4E5F60002000031 /* ConnectivityMonitor.swift */ = {isa = PBXFileReference; lastKnownFileType = sourcecode.swift; path = ConnectivityMonitor.swift; sourceTree = "<group>"; };
		A1B2C3D4E5F60002000032 /* FrameProcessor.swift */ = {isa = PBXFileReference; lastKnownFileType = sourcecode.swift; path = FrameProcessor.swift; sourceTree = "<group>"; };
		A1B2C3D4E5F60002000033 /* DebugOverlayView.swift */ = {isa = PBXFileReference; lastKnownFileType = sourcecode.swift; path = DebugOverlayView.swift; sourceTree = "<group>"; };
		A1B2C3D4E5F60002000034 /* PrivacyInfo.xcprivacy */ = {isa = PBXFileReference; lastKnownFileType = text.xml; path = PrivacyInfo.xcprivacy; sourceTree = "<group>"; };
		A1B2C3D4E5F60002000035 /* plate_detector.mlpackage */ = {isa = PBXFileReference; lastKnownFileType = folder.mlpackage; path = plate_detector.mlpackage; sourceTree = "<group>"; };
		A1B2C3D4E5F60002000043 /* plate_ocr.onnx */ = {isa = PBXFileReference; lastKnownFileType = file; path = plate_ocr.onnx; sourceTree = "<group>"; };
		A1B2C3D4E5F60002000036 /* DebugLog.swift */ = {isa = PBXFileReference; lastKnownFileType = sourcecode.swift; path = DebugLog.swift; sourceTree = "<group>"; };
		A1B2C3D4E5F60002000037 /* DebugLogPanel.swift */ = {isa = PBXFileReference; lastKnownFileType = sourcecode.swift; path = DebugLogPanel.swift; sourceTree = "<group>"; };
		A1B2C3D4E5F60002000038 /* SplashScreenView.swift */ = {isa = PBXFileReference; lastKnownFileType = sourcecode.swift; path = SplashScreenView.swift; sourceTree = "<group>"; };
		A1B2C3D4E5F60002000039 /* SimulatorCamera.swift */ = {isa = PBXFileReference; lastKnownFileType = sourcecode.swift; path = SimulatorCamera.swift; sourceTree = "<group>"; };
		A1B2C3D4E5F60002000040 /* AlertClient.swift */ = {isa = PBXFileReference; lastKnownFileType = sourcecode.swift; path = AlertClient.swift; sourceTree = "<group>"; };
		A1B2C3D4E5F60002000041 /* AlertClientTests.swift */ = {isa = PBXFileReference; lastKnownFileType = sourcecode.swift; path = AlertClientTests.swift; sourceTree = "<group>"; };
		A1B2C3D4E5F60002000042 /* PushNotificationTests.swift */ = {isa = PBXFileReference; lastKnownFileType = sourcecode.swift; path = PushNotificationTests.swift; sourceTree = "<group>"; };
		A1B2C3D4E5F60002000045 /* Pepper.swift */ = {isa = PBXFileReference; lastKnownFileType = sourcecode.swift; path = Pepper.swift; sourceTree = "<group>"; };
		A1B2C3D4E5F60002000050 /* LookalikeExpander.swift */ = {isa = PBXFileReference; lastKnownFileType = sourcecode.swift; path = LookalikeExpander.swift; sourceTree = "<group>"; };
		A1B2C3D4E5F60002000051 /* LookalikeExpanderTests.swift */ = {isa = PBXFileReference; lastKnownFileType = sourcecode.swift; path = LookalikeExpanderTests.swift; sourceTree = "<group>"; };
		A1B2C3D4E5F60002000060 /* ZoomController.swift */ = {isa = PBXFileReference; lastKnownFileType = sourcecode.swift; path = ZoomController.swift; sourceTree = "<group>"; };
		A1B2C3D4E5F60002000061 /* PreviewFreezer.swift */ = {isa = PBXFileReference; lastKnownFileType = sourcecode.swift; path = PreviewFreezer.swift; sourceTree = "<group>"; };
		A1B2C3D4E5F60002000062 /* ZoomControllerTests.swift */ = {isa = PBXFileReference; lastKnownFileType = sourcecode.swift; path = ZoomControllerTests.swift; sourceTree = "<group>"; };
/* End PBXFileReference section */

/* Begin PBXFrameworksBuildPhase section */
		A1B2C3D4E5F60007000001 /* Frameworks */ = {
			isa = PBXFrameworksBuildPhase;
			buildActionMask = 2147483647;
			files = (
				A1B2C3D4E5F60001000044 /* onnxruntime in Frameworks */,
			);
			runOnlyForDeploymentPostprocessing = 0;
		};
		A1B2C3D4E5F60007000002 /* Frameworks */ = {
			isa = PBXFrameworksBuildPhase;
			buildActionMask = 2147483647;
			files = (
			);
			runOnlyForDeploymentPostprocessing = 0;
		};
/* End PBXFrameworksBuildPhase section */

/* Begin PBXGroup section */
		A1B2C3D4E5F60008000001 /* root */ = {
			isa = PBXGroup;
			children = (
				A1B2C3D4E5F60008000002 /* IceBloxApp */,
				A1B2C3D4E5F60008000003 /* IceBloxAppTests */,
				A1B2C3D4E5F60008000004 /* Products */,
			);
			sourceTree = "<group>";
		};
		A1B2C3D4E5F60008000002 /* IceBloxApp */ = {
			isa = PBXGroup;
			children = (
				A1B2C3D4E5F60002000001 /* IceBloxApp.swift */,
				A1B2C3D4E5F60002000002 /* ContentView.swift */,
				A1B2C3D4E5F60002000038 /* SplashScreenView.swift */,
				A1B2C3D4E5F60002000012 /* StatusBarView.swift */,
				A1B2C3D4E5F60002000034 /* PrivacyInfo.xcprivacy */,
				A1B2C3D4E5F60002000003 /* Assets.xcassets */,
				A1B2C3D4E5F60008000010 /* Camera */,
				A1B2C3D4E5F60008000011 /* Config */,
				A1B2C3D4E5F60008000012 /* Detection */,
				A1B2C3D4E5F60008000013 /* Location */,
				A1B2C3D4E5F60008000014 /* Networking */,
				A1B2C3D4E5F60008000015 /* Persistence */,
				A1B2C3D4E5F60008000018 /* Models */,
				A1B2C3D4E5F60008000016 /* Processing */,
				A1B2C3D4E5F60008000017 /* Views */,
				A1B2C3D4E5F60008000019 /* Debug */,
			);
			path = IceBloxApp;
			sourceTree = "<group>";
		};
		A1B2C3D4E5F60008000003 /* IceBloxAppTests */ = {
			isa = PBXGroup;
			children = (
				A1B2C3D4E5F60002000004 /* IceBloxAppTests.swift */,
				A1B2C3D4E5F60002000041 /* AlertClientTests.swift */,
				A1B2C3D4E5F60002000042 /* PushNotificationTests.swift */,
				A1B2C3D4E5F60002000051 /* LookalikeExpanderTests.swift */,
				A1B2C3D4E5F60002000062 /* ZoomControllerTests.swift */,
			);
			path = IceBloxAppTests;
			sourceTree = "<group>";
		};
		A1B2C3D4E5F60008000004 /* Products */ = {
			isa = PBXGroup;
			children = (
				A1B2C3D4E5F60006000001 /* IceBloxApp.app */,
				A1B2C3D4E5F60006000002 /* IceBloxAppTests.xctest */,
			);
			name = Products;
			sourceTree = "<group>";
		};
		A1B2C3D4E5F60008000010 /* Camera */ = {
			isa = PBXGroup;
			children = (
				A1B2C3D4E5F60002000010 /* CameraManager.swift */,
				A1B2C3D4E5F60002000011 /* CameraPreviewView.swift */,
				A1B2C3D4E5F60002000032 /* FrameProcessor.swift */,
				A1B2C3D4E5F60002000060 /* ZoomController.swift */,
				A1B2C3D4E5F60002000061 /* PreviewFreezer.swift */,
				A1B2C3D4E5F60002000039 /* SimulatorCamera.swift */,
			);
			path = Camera;
			sourceTree = "<group>";
		};
		A1B2C3D4E5F60008000011 /* Config */ = {
			isa = PBXGroup;
			children = (
				A1B2C3D4E5F60002000020 /* AppConfig.swift */,
				A1B2C3D4E5F60002000045 /* Pepper.swift */,
			);
			path = Config;
			sourceTree = "<group>";
		};
		A1B2C3D4E5F60008000012 /* Detection */ = {
			isa = PBXGroup;
			children = (
				A1B2C3D4E5F60002000024 /* PlateDetector.swift */,
				A1B2C3D4E5F60002000025 /* PlateOCR.swift */,
			);
			path = Detection;
			sourceTree = "<group>";
		};
		A1B2C3D4E5F60008000013 /* Location */ = {
			isa = PBXGroup;
			children = (
				A1B2C3D4E5F60002000028 /* LocationManager.swift */,
			);
			path = Location;
			sourceTree = "<group>";
		};
		A1B2C3D4E5F60008000014 /* Networking */ = {
			isa = PBXGroup;
			children = (
				A1B2C3D4E5F60002000029 /* APIClient.swift */,
				A1B2C3D4E5F60002000040 /* AlertClient.swift */,
				A1B2C3D4E5F60002000030 /* RetryManager.swift */,
				A1B2C3D4E5F60002000031 /* ConnectivityMonitor.swift */,
			);
			path = Networking;
			sourceTree = "<group>";
		};
		A1B2C3D4E5F60008000015 /* Persistence */ = {
			isa = PBXGroup;
			children = (
				A1B2C3D4E5F60002000026 /* OfflineQueue.swift */,
				A1B2C3D4E5F60002000027 /* OfflineQueueEntry.swift */,
			);
			path = Persistence;
			sourceTree = "<group>";
		};
		A1B2C3D4E5F60008000016 /* Processing */ = {
			isa = PBXGroup;
			children = (
				A1B2C3D4E5F60002000021 /* PlateNormalizer.swift */,
				A1B2C3D4E5F60002000022 /* PlateHasher.swift */,
				A1B2C3D4E5F60002000023 /* DeduplicationCache.swift */,
				A1B2C3D4E5F60002000050 /* LookalikeExpander.swift */,
			);
			path = Processing;
			sourceTree = "<group>";
		};
		A1B2C3D4E5F60008000017 /* Views */ = {
			isa = PBXGroup;
			children = (
				A1B2C3D4E5F60002000033 /* DebugOverlayView.swift */,
				A1B2C3D4E5F60002000037 /* DebugLogPanel.swift */,
			);
			path = Views;
			sourceTree = "<group>";
		};
		A1B2C3D4E5F60008000019 /* Debug */ = {
			isa = PBXGroup;
			children = (
				A1B2C3D4E5F60002000036 /* DebugLog.swift */,
			);
			path = Debug;
			sourceTree = "<group>";
		};
		A1B2C3D4E5F60008000018 /* Models */ = {
			isa = PBXGroup;
			children = (
				A1B2C3D4E5F60002000035 /* plate_detector.mlpackage */,
				A1B2C3D4E5F60002000043 /* plate_ocr.onnx */,
			);
			path = Models;
			sourceTree = "<group>";
		};
/* End PBXGroup section */

/* Begin PBXNativeTarget section */
		A1B2C3D4E5F60005000001 /* IceBloxApp */ = {
			isa = PBXNativeTarget;
			buildConfigurationList = A1B2C3D4E5F6000A000001 /* Build configuration list for PBXNativeTarget "IceBloxApp" */;
			buildPhases = (
				A1B2C3D4E5F60009000004 /* Generate Pepper */,
				A1B2C3D4E5F60009000001 /* Sources */,
				A1B2C3D4E5F60007000001 /* Frameworks */,
				A1B2C3D4E5F60009000003 /* Resources */,
			);
			buildRules = (
			);
			dependencies = (
			);
			name = IceBloxApp;
			productName = IceBloxApp;
			packageProductDependencies = (
				A1B2C3D4E5F6000D000002 /* onnxruntime */,
			);
			productReference = A1B2C3D4E5F60006000001 /* IceBloxApp.app */;
			productType = "com.apple.product-type.application";
		};
		A1B2C3D4E5F60005000002 /* IceBloxAppTests */ = {
			isa = PBXNativeTarget;
			buildConfigurationList = A1B2C3D4E5F6000A000002 /* Build configuration list for PBXNativeTarget "IceBloxAppTests" */;
			buildPhases = (
				A1B2C3D4E5F60009000002 /* Sources */,
				A1B2C3D4E5F60007000002 /* Frameworks */,
			);
			buildRules = (
			);
			dependencies = (
				A1B2C3D4E5F6000B000001 /* PBXTargetDependency */,
			);
			name = IceBloxAppTests;
			productName = IceBloxAppTests;
			productReference = A1B2C3D4E5F60006000002 /* IceBloxAppTests.xctest */;
			productType = "com.apple.product-type.bundle.unit-test";
		};
/* End PBXNativeTarget section */

/* Begin PBXProject section */
		A1B2C3D4E5F60004000001 /* Project object */ = {
			isa = PBXProject;
			attributes = {
				BuildIndependentTargetsInParallel = 1;
				LastSwiftUpdateCheck = 1500;
				LastUpgradeCheck = 1500;
				TargetAttributes = {
					A1B2C3D4E5F60005000001 = {
						CreatedOnToolsVersion = 15.0;
					};
					A1B2C3D4E5F60005000002 = {
						CreatedOnToolsVersion = 15.0;
						TestTargetID = A1B2C3D4E5F60005000001;
					};
				};
			};
			buildConfigurationList = A1B2C3D4E5F6000A000003 /* Build configuration list for PBXProject "IceBloxApp" */;
			compatibilityVersion = "Xcode 14.0";
			developmentRegion = en;
			hasScannedForEncodings = 0;
			knownRegions = (
				en,
				Base,
			);
			mainGroup = A1B2C3D4E5F60008000001 /* root */;
			productRefGroup = A1B2C3D4E5F60008000004 /* Products */;
			packageReferences = (
				A1B2C3D4E5F6000D000001 /* XCRemoteSwiftPackageReference "onnxruntime-swift-package-manager" */,
			);
			projectDirPath = "";
			projectRoot = "";
			targets = (
				A1B2C3D4E5F60005000001 /* IceBloxApp */,
				A1B2C3D4E5F60005000002 /* IceBloxAppTests */,
			);
		};
/* End PBXProject section */

/* Begin PBXResourcesBuildPhase section */
		A1B2C3D4E5F60009000003 /* Resources */ = {
			isa = PBXResourcesBuildPhase;
			buildActionMask = 2147483647;
			files = (
				A1B2C3D4E5F60001000003 /* Assets.xcassets in Resources */,
				A1B2C3D4E5F60001000034 /* PrivacyInfo.xcprivacy in Resources */,
				A1B2C3D4E5F60001000043 /* plate_ocr.onnx in Resources */,
			);
			runOnlyForDeploymentPostprocessing = 0;
		};
/* End PBXResourcesBuildPhase section */

/* Begin PBXSourcesBuildPhase section */
		A1B2C3D4E5F60009000001 /* Sources */ = {
			isa = PBXSourcesBuildPhase;
			buildActionMask = 2147483647;
			files = (
				A1B2C3D4E5F60001000036 /* DebugLog.swift in Sources */,
				A1B2C3D4E5F60001000037 /* DebugLogPanel.swift in Sources */,
				A1B2C3D4E5F60001000001 /* IceBloxApp.swift in Sources */,
				A1B2C3D4E5F60001000002 /* ContentView.swift in Sources */,
				A1B2C3D4E5F60001000010 /* CameraManager.swift in Sources */,
				A1B2C3D4E5F60001000011 /* CameraPreviewView.swift in Sources */,
				A1B2C3D4E5F60001000012 /* StatusBarView.swift in Sources */,
				A1B2C3D4E5F60001000020 /* AppConfig.swift in Sources */,
				A1B2C3D4E5F60001000021 /* PlateNormalizer.swift in Sources */,
				A1B2C3D4E5F60001000022 /* PlateHasher.swift in Sources */,
				A1B2C3D4E5F60001000023 /* DeduplicationCache.swift in Sources */,
				A1B2C3D4E5F60001000024 /* PlateDetector.swift in Sources */,
				A1B2C3D4E5F60001000025 /* PlateOCR.swift in Sources */,
				A1B2C3D4E5F60001000026 /* OfflineQueue.swift in Sources */,
				A1B2C3D4E5F60001000027 /* OfflineQueueEntry.swift in Sources */,
				A1B2C3D4E5F60001000028 /* LocationManager.swift in Sources */,
				A1B2C3D4E5F60001000029 /* APIClient.swift in Sources */,
				A1B2C3D4E5F60001000030 /* RetryManager.swift in Sources */,
				A1B2C3D4E5F60001000031 /* ConnectivityMonitor.swift in Sources */,
				A1B2C3D4E5F60001000032 /* FrameProcessor.swift in Sources */,
				A1B2C3D4E5F60001000033 /* DebugOverlayView.swift in Sources */,
				A1B2C3D4E5F60001000035 /* plate_detector.mlpackage in Sources */,
				A1B2C3D4E5F60001000038 /* SplashScreenView.swift in Sources */,
				A1B2C3D4E5F60001000039 /* SimulatorCamera.swift in Sources */,
				A1B2C3D4E5F60001000040 /* AlertClient.swift in Sources */,
				A1B2C3D4E5F60001000045 /* Pepper.swift in Sources */,
				A1B2C3D4E5F60001000050 /* LookalikeExpander.swift in Sources */,
				A1B2C3D4E5F60001000060 /* ZoomController.swift in Sources */,
				A1B2C3D4E5F60001000061 /* PreviewFreezer.swift in Sources */,
			);
			runOnlyForDeploymentPostprocessing = 0;
		};
		A1B2C3D4E5F60009000002 /* Sources */ = {
			isa = PBXSourcesBuildPhase;
			buildActionMask = 2147483647;
			files = (
				A1B2C3D4E5F60001000004 /* IceBloxAppTests.swift in Sources */,
				A1B2C3D4E5F60001000041 /* AlertClientTests.swift in Sources */,
				A1B2C3D4E5F60001000042 /* PushNotificationTests.swift in Sources */,
				A1B2C3D4E5F60001000051 /* LookalikeExpanderTests.swift in Sources */,
				A1B2C3D4E5F60001000062 /* ZoomControllerTests.swift in Sources */,
			);
			runOnlyForDeploymentPostprocessing = 0;
		};
/* End PBXSourcesBuildPhase section */

/* Begin PBXShellScriptBuildPhase section */
		A1B2C3D4E5F60009000004 /* Generate Pepper */ = {
			isa = PBXShellScriptBuildPhase;
			buildActionMask = 2147483647;
			files = (
			);
			inputFileListPaths = (
			);
			inputPaths = (
				"$(SRCROOT)/../.env",
			);
			name = "Generate Pepper";
			outputFileListPaths = (
			);
			outputPaths = (
				"$(SRCROOT)/IceBloxApp/Config/Pepper.swift",
			);
			runOnlyForDeploymentPostprocessing = 0;
			shellPath = /bin/sh;
			shellScript = "ENV_FILE=\"${SRCROOT}/../.env\"\nOUT_FILE=\"${SRCROOT}/IceBloxApp/Config/Pepper.swift\"\nif [ ! -f \"$ENV_FILE\" ]; then\n  echo \"error: .env file not found at $ENV_FILE\" >&2\n  exit 1\nfi\nPEPPER=$(grep '^PEPPER=' \"$ENV_FILE\" | head -1 | cut -d'=' -f2-)\nif [ -z \"$PEPPER\" ]; then\n  echo \"error: PEPPER not found in $ENV_FILE\" >&2\n  exit 1\nfi\ncat > \"$OUT_FILE\" << SWIFT\n// Auto-generated from .env — do not edit\nenum Pepper {\n    static let value = \"$PEPPER\"\n}\nSWIFT\n";
		};
/* End PBXShellScriptBuildPhase section */

/* Begin PBXTargetDependency section */
		A1B2C3D4E5F6000B000001 /* PBXTargetDependency */ = {
			isa = PBXTargetDependency;
			target = A1B2C3D4E5F60005000001 /* IceBloxApp */;
			targetProxy = A1B2C3D4E5F60003000001 /* PBXContainerItemProxy */;
		};
/* End PBXTargetDependency section */

/* Begin XCBuildConfiguration section */
		A1B2C3D4E5F6000C000001 /* Debug */ = {
			isa = XCBuildConfiguration;
			buildSettings = {
				ALWAYS_SEARCH_USER_PATHS = NO;
				ASSETCATALOG_COMPILER_GENERATE_SWIFT_ASSET_SYMBOL_EXTENSIONS = YES;
				CLANG_ANALYZER_NONNULL = YES;
				CLANG_ANALYZER_NUMBER_OBJECT_CONVERSION = YES_AGGRESSIVE;
				CLANG_CXX_LANGUAGE_STANDARD = "gnu++20";
				CLANG_ENABLE_MODULES = YES;
				CLANG_ENABLE_OBJC_ARC = YES;
				CLANG_ENABLE_OBJC_WEAK = YES;
				CLANG_WARN_BLOCK_CAPTURE_AUTORELEASING = YES;
				CLANG_WARN_BOOL_CONVERSION = YES;
				CLANG_WARN_COMMA = YES;
				CLANG_WARN_CONSTANT_CONVERSION = YES;
				CLANG_WARN_DEPRECATED_OBJC_IMPLEMENTATIONS = YES;
				CLANG_WARN_DIRECT_OBJC_ISA_USAGE = YES_ERROR;
				CLANG_WARN_DOCUMENTATION_COMMENTS = YES;
				CLANG_WARN_EMPTY_BODY = YES;
				CLANG_WARN_ENUM_CONVERSION = YES;
				CLANG_WARN_INFINITE_RECURSION = YES;
				CLANG_WARN_INT_CONVERSION = YES;
				CLANG_WARN_NON_LITERAL_NULL_CONVERSION = YES;
				CLANG_WARN_OBJC_IMPLICIT_RETAIN_SELF = YES;
				CLANG_WARN_OBJC_LITERAL_CONVERSION = YES;
				CLANG_WARN_OBJC_ROOT_CLASS = YES_ERROR;
				CLANG_WARN_QUOTED_INCLUDE_IN_FRAMEWORK_HEADER = YES;
				CLANG_WARN_RANGE_LOOP_ANALYSIS = YES;
				CLANG_WARN_STRICT_PROTOTYPES = YES;
				CLANG_WARN_SUSPICIOUS_MOVE = YES;
				CLANG_WARN_UNGUARDED_AVAILABILITY = YES_AGGRESSIVE;
				CLANG_WARN_UNREACHABLE_CODE = YES;
				CLANG_WARN__DUPLICATE_METHOD_MATCH = YES;
				COPY_PHASE_STRIP = NO;
				DEBUG_INFORMATION_FORMAT = dwarf;
				ENABLE_STRICT_OBJC_MSGSEND = YES;
				ENABLE_TESTABILITY = YES;
				ENABLE_USER_SCRIPT_SANDBOXING = NO;
				GCC_C_LANGUAGE_STANDARD = gnu17;
				GCC_DYNAMIC_NO_PIC = NO;
				GCC_NO_COMMON_BLOCKS = YES;
				GCC_OPTIMIZATION_LEVEL = 0;
				GCC_PREPROCESSOR_DEFINITIONS = (
					"DEBUG=1",
					"$(inherited)",
				);
				GCC_WARN_64_TO_32_BIT_CONVERSION = YES;
				GCC_WARN_ABOUT_RETURN_TYPE = YES_ERROR;
				GCC_WARN_UNDECLARED_SELECTOR = YES;
				GCC_WARN_UNINITIALIZED_AUTOS = YES_AGGRESSIVE;
				GCC_WARN_UNUSED_FUNCTION = YES;
				GCC_WARN_UNUSED_VARIABLE = YES;
				IPHONEOS_DEPLOYMENT_TARGET = 17.0;
				LOCALIZATION_PREFERS_STRING_CATALOGS = YES;
				MTL_ENABLE_DEBUG_INFO = INCLUDE_SOURCE;
				MTL_FAST_MATH = YES;
				ONLY_ACTIVE_ARCH = YES;
				SDKROOT = iphoneos;
				SWIFT_ACTIVE_COMPILATION_CONDITIONS = "DEBUG $(inherited)";
				SWIFT_OPTIMIZATION_LEVEL = "-Onone";
			};
			name = Debug;
		};
		A1B2C3D4E5F6000C000002 /* Release */ = {
			isa = XCBuildConfiguration;
			buildSettings = {
				ALWAYS_SEARCH_USER_PATHS = NO;
				ASSETCATALOG_COMPILER_GENERATE_SWIFT_ASSET_SYMBOL_EXTENSIONS = YES;
				CLANG_ANALYZER_NONNULL = YES;
				CLANG_ANALYZER_NUMBER_OBJECT_CONVERSION = YES_AGGRESSIVE;
				CLANG_CXX_LANGUAGE_STANDARD = "gnu++20";
				CLANG_ENABLE_MODULES = YES;
				CLANG_ENABLE_OBJC_ARC = YES;
				CLANG_ENABLE_OBJC_WEAK = YES;
				CLANG_WARN_BLOCK_CAPTURE_AUTORELEASING = YES;
				CLANG_WARN_BOOL_CONVERSION = YES;
				CLANG_WARN_COMMA = YES;
				CLANG_WARN_CONSTANT_CONVERSION = YES;
				CLANG_WARN_DEPRECATED_OBJC_IMPLEMENTATIONS = YES;
				CLANG_WARN_DIRECT_OBJC_ISA_USAGE = YES_ERROR;
				CLANG_WARN_DOCUMENTATION_COMMENTS = YES;
				CLANG_WARN_EMPTY_BODY = YES;
				CLANG_WARN_ENUM_CONVERSION = YES;
				CLANG_WARN_INFINITE_RECURSION = YES;
				CLANG_WARN_INT_CONVERSION = YES;
				CLANG_WARN_NON_LITERAL_NULL_CONVERSION = YES;
				CLANG_WARN_OBJC_IMPLICIT_RETAIN_SELF = YES;
				CLANG_WARN_OBJC_LITERAL_CONVERSION = YES;
				CLANG_WARN_OBJC_ROOT_CLASS = YES_ERROR;
				CLANG_WARN_QUOTED_INCLUDE_IN_FRAMEWORK_HEADER = YES;
				CLANG_WARN_RANGE_LOOP_ANALYSIS = YES;
				CLANG_WARN_STRICT_PROTOTYPES = YES;
				CLANG_WARN_SUSPICIOUS_MOVE = YES;
				CLANG_WARN_UNGUARDED_AVAILABILITY = YES_AGGRESSIVE;
				CLANG_WARN_UNREACHABLE_CODE = YES;
				CLANG_WARN__DUPLICATE_METHOD_MATCH = YES;
				COPY_PHASE_STRIP = NO;
				DEBUG_INFORMATION_FORMAT = "dwarf-with-dsym";
				ENABLE_NS_ASSERTIONS = NO;
				ENABLE_STRICT_OBJC_MSGSEND = YES;
				ENABLE_USER_SCRIPT_SANDBOXING = NO;
				GCC_C_LANGUAGE_STANDARD = gnu17;
				GCC_NO_COMMON_BLOCKS = YES;
				GCC_WARN_64_TO_32_BIT_CONVERSION = YES;
				GCC_WARN_ABOUT_RETURN_TYPE = YES_ERROR;
				GCC_WARN_UNDECLARED_SELECTOR = YES;
				GCC_WARN_UNINITIALIZED_AUTOS = YES_AGGRESSIVE;
				GCC_WARN_UNUSED_FUNCTION = YES;
				GCC_WARN_UNUSED_VARIABLE = YES;
				IPHONEOS_DEPLOYMENT_TARGET = 17.0;
				LOCALIZATION_PREFERS_STRING_CATALOGS = YES;
				MTL_ENABLE_DEBUG_INFO = NO;
				MTL_FAST_MATH = YES;
				SDKROOT = iphoneos;
				SWIFT_COMPILATION_MODE = wholemodule;
				VALIDATE_PRODUCT = YES;
			};
			name = Release;
		};
		A1B2C3D4E5F6000C000003 /* Debug */ = {
			isa = XCBuildConfiguration;
			buildSettings = {
				ASSETCATALOG_COMPILER_APPICON_NAME = AppIcon;
				ASSETCATALOG_COMPILER_GLOBAL_ACCENT_COLOR_NAME = AccentColor;
				CODE_SIGN_STYLE = Automatic;
				CURRENT_PROJECT_VERSION = 1;
				DEVELOPMENT_TEAM = "";
				ENABLE_PREVIEWS = YES;
				GENERATE_INFOPLIST_FILE = YES;
				INFOPLIST_KEY_UIApplicationSceneManifest_Generation = YES;
				INFOPLIST_KEY_UIApplicationSupportsIndirectInputEvents = YES;
				INFOPLIST_KEY_UILaunchScreen_Generation = YES;
				INFOPLIST_KEY_NSCameraUsageDescription = "IceBlox needs camera access to detect license plates";
				INFOPLIST_KEY_NSLocationWhenInUseUsageDescription = "IceBlox uses your location to tag plate detections with GPS coordinates";
				INFOPLIST_KEY_UISupportedInterfaceOrientations_iPad = "UIInterfaceOrientationPortrait UIInterfaceOrientationPortraitUpsideDown UIInterfaceOrientationLandscapeLeft UIInterfaceOrientationLandscapeRight";
				INFOPLIST_KEY_UISupportedInterfaceOrientations_iPhone = "UIInterfaceOrientationPortrait UIInterfaceOrientationPortraitUpsideDown UIInterfaceOrientationLandscapeLeft UIInterfaceOrientationLandscapeRight";
				LD_RUNPATH_SEARCH_PATHS = (
					"$(inherited)",
					"@executable_path/Frameworks",
				);
				MARKETING_VERSION = 1.0;
				PRODUCT_BUNDLE_IDENTIFIER = com.iceblox.app;
				PRODUCT_NAME = "$(TARGET_NAME)";
				SWIFT_EMIT_LOC_STRINGS = YES;
				SWIFT_VERSION = 5.0;
				TARGETED_DEVICE_FAMILY = "1,2";
			};
			name = Debug;
		};
		A1B2C3D4E5F6000C000004 /* Release */ = {
			isa = XCBuildConfiguration;
			buildSettings = {
				ASSETCATALOG_COMPILER_APPICON_NAME = AppIcon;
				ASSETCATALOG_COMPILER_GLOBAL_ACCENT_COLOR_NAME = AccentColor;
				CODE_SIGN_STYLE = Automatic;
				CURRENT_PROJECT_VERSION = 1;
				DEVELOPMENT_TEAM = "";
				ENABLE_PREVIEWS = YES;
				GENERATE_INFOPLIST_FILE = YES;
				INFOPLIST_KEY_UIApplicationSceneManifest_Generation = YES;
				INFOPLIST_KEY_UIApplicationSupportsIndirectInputEvents = YES;
				INFOPLIST_KEY_UILaunchScreen_Generation = YES;
				INFOPLIST_KEY_NSCameraUsageDescription = "IceBlox needs camera access to detect license plates";
				INFOPLIST_KEY_NSLocationWhenInUseUsageDescription = "IceBlox uses your location to tag plate detections with GPS coordinates";
				INFOPLIST_KEY_UISupportedInterfaceOrientations_iPad = "UIInterfaceOrientationPortrait UIInterfaceOrientationPortraitUpsideDown UIInterfaceOrientationLandscapeLeft UIInterfaceOrientationLandscapeRight";
				INFOPLIST_KEY_UISupportedInterfaceOrientations_iPhone = "UIInterfaceOrientationPortrait UIInterfaceOrientationPortraitUpsideDown UIInterfaceOrientationLandscapeLeft UIInterfaceOrientationLandscapeRight";
				LD_RUNPATH_SEARCH_PATHS = (
					"$(inherited)",
					"@executable_path/Frameworks",
				);
				MARKETING_VERSION = 1.0;
				PRODUCT_BUNDLE_IDENTIFIER = com.iceblox.app;
				PRODUCT_NAME = "$(TARGET_NAME)";
				SWIFT_EMIT_LOC_STRINGS = YES;
				SWIFT_VERSION = 5.0;
				TARGETED_DEVICE_FAMILY = "1,2";
			};
			name = Release;
		};
		A1B2C3D4E5F6000C000005 /* Debug */ = {
			isa = XCBuildConfiguration;
			buildSettings = {
				BUNDLE_LOADER = "$(TEST_HOST)";
				CODE_SIGN_STYLE = Automatic;
				CURRENT_PROJECT_VERSION = 1;
				DEVELOPMENT_TEAM = "";
				GENERATE_INFOPLIST_FILE = YES;
				IPHONEOS_DEPLOYMENT_TARGET = 17.0;
				MARKETING_VERSION = 1.0;
				PRODUCT_BUNDLE_IDENTIFIER = com.iceblox.app.tests;
				PRODUCT_NAME = "$(TARGET_NAME)";
				SWIFT_EMIT_LOC_STRINGS = NO;
				SWIFT_VERSION = 5.0;
				TARGETED_DEVICE_FAMILY = "1,2";
				TEST_HOST = "$(BUILT_PRODUCTS_DIR)/IceBloxApp.app/$(BUNDLE_EXECUTABLE_FOLDER_PATH)/IceBloxApp";
			};
			name = Debug;
		};
		A1B2C3D4E5F6000C000006 /* Release */ = {
			isa = XCBuildConfiguration;
			buildSettings = {
				BUNDLE_LOADER = "$(TEST_HOST)";
				CODE_SIGN_STYLE = Automatic;
				CURRENT_PROJECT_VERSION = 1;
				DEVELOPMENT_TEAM = "";
				GENERATE_INFOPLIST_FILE = YES;
				IPHONEOS_DEPLOYMENT_TARGET = 17.0;
				MARKETING_VERSION = 1.0;
				PRODUCT_BUNDLE_IDENTIFIER = com.iceblox.app.tests;
				PRODUCT_NAME = "$(TARGET_NAME)";
				SWIFT_EMIT_LOC_STRINGS = NO;
				SWIFT_VERSION = 5.0;
				TARGETED_DEVICE_FAMILY = "1,2";
				TEST_HOST = "$(BUILT_PRODUCTS_DIR)/IceBloxApp.app/$(BUNDLE_EXECUTABLE_FOLDER_PATH)/IceBloxApp";
			};
			name = Release;
		};
/* End XCBuildConfiguration section */

/* Begin XCConfigurationList section */
		A1B2C3D4E5F6000A000003 /* Build configuration list for PBXProject "IceBloxApp" */ = {
			isa = XCConfigurationList;
			buildConfigurations = (
				A1B2C3D4E5F6000C000001 /* Debug */,
				A1B2C3D4E5F6000C000002 /* Release */,
			);
			defaultConfigurationIsVisible = 0;
			defaultConfigurationName = Release;
		};
		A1B2C3D4E5F6000A000001 /* Build configuration list for PBXNativeTarget "IceBloxApp" */ = {
			isa = XCConfigurationList;
			buildConfigurations = (
				A1B2C3D4E5F6000C000003 /* Debug */,
				A1B2C3D4E5F6000C000004 /* Release */,
			);
			defaultConfigurationIsVisible = 0;
			defaultConfigurationName = Release;
		};
		A1B2C3D4E5F6000A000002 /* Build configuration list for PBXNativeTarget "IceBloxAppTests" */ = {
			isa = XCConfigurationList;
			buildConfigurations = (
				A1B2C3D4E5F6000C000005 /* Debug */,
				A1B2C3D4E5F6000C000006 /* Release */,
			);
			defaultConfigurationIsVisible = 0;
			defaultConfigurationName = Release;
		};
/* End XCConfigurationList section */

/* Begin XCRemoteSwiftPackageReference section */
		A1B2C3D4E5F6000D000001 /* XCRemoteSwiftPackageReference "onnxruntime-swift-package-manager" */ = {
			isa = XCRemoteSwiftPackageReference;
			repositoryURL = "https://github.com/microsoft/onnxruntime-swift-package-manager";
			requirement = {
				kind = upToNextMajorVersion;
				minimumVersion = 1.20.0;
			};
		};
/* End XCRemoteSwiftPackageReference section */

/* Begin XCSwiftPackageProductDependency section */
		A1B2C3D4E5F6000D000002 /* onnxruntime */ = {
			isa = XCSwiftPackageProductDependency;
			package = A1B2C3D4E5F6000D000001 /* XCRemoteSwiftPackageReference "onnxruntime-swift-package-manager" */;
			productName = onnxruntime;
		};
/* End XCSwiftPackageProductDependency section */
	};
	rootObject = A1B2C3D4E5F60004000001 /* Project object */;
}
